{
  "version": 4,
  "terraform_version": "0.12.26",
  "serial": 9,
  "lineage": "4a78cd18-d010-6313-0dc5-b912daffaeba",
  "outputs": {},
  "resources": [
    {
      "mode": "data",
      "type": "azurerm_subscription",
      "name": "current",
      "provider": "provider.azurerm",
      "instances": [
        {
          "schema_version": 0,
          "attributes": {
            "display_name": "Free Trial",
            "id": "/subscriptions/ae3cae0d-6699-4593-bb04-de13fdc54b89",
            "location_placement_id": "PublicAndIndia_2015-09-01",
            "quota_id": "FreeTrial_2014-09-01",
            "spending_limit": "On",
            "state": "Enabled",
            "subscription_id": "ae3cae0d-6699-4593-bb04-de13fdc54b89",
            "tenant_id": "f47cf29e-63b5-44ae-ab92-bf0de6383022",
            "timeouts": null
          }
        }
      ]
    },
    {
      "mode": "managed",
      "type": "azurerm_resource_group",
      "name": "main",
      "provider": "provider.azurerm",
      "instances": [
        {
          "schema_version": 0,
          "attributes": {
            "id": "/subscriptions/ae3cae0d-6699-4593-bb04-de13fdc54b89/resourceGroups/gx-terraform-poc",
            "location": "westus2",
            "name": "gx-terraform-poc",
            "tags": {},
            "timeouts": null
          },
          "private": "eyJlMmJmYjczMC1lY2FhLTExZTYtOGY4OC0zNDM2M2JjN2M0YzAiOnsiY3JlYXRlIjo1NDAwMDAwMDAwMDAwLCJkZWxldGUiOjU0MDAwMDAwMDAwMDAsInJlYWQiOjMwMDAwMDAwMDAwMCwidXBkYXRlIjo1NDAwMDAwMDAwMDAwfX0="
        }
      ]
    },
    {
      "mode": "managed",
      "type": "azurerm_traffic_manager_endpoint",
      "name": "ep1",
      "provider": "provider.azurerm",
      "instances": [
        {
          "schema_version": 0,
          "attributes": {
            "custom_header": [],
            "endpoint_location": "",
            "endpoint_monitor_status": "Online",
            "endpoint_status": "Enabled",
            "geo_mappings": null,
            "id": "/subscriptions/ae3cae0d-6699-4593-bb04-de13fdc54b89/resourceGroups/gx-terraform-poc/providers/Microsoft.Network/trafficManagerProfiles/gx-poc/externalEndpoints/gx-poc-ep1",
            "min_child_endpoints": 0,
            "name": "gx-poc-ep1",
            "priority": 2,
            "profile_name": "gx-poc",
            "resource_group_name": "gx-terraform-poc",
            "subnet": [],
            "target": "mk1.eastus.cloudapp.azure.com",
            "target_resource_id": "",
            "timeouts": null,
            "type": "externalEndpoints",
            "weight": 100
          },
          "private": "eyJlMmJmYjczMC1lY2FhLTExZTYtOGY4OC0zNDM2M2JjN2M0YzAiOnsiY3JlYXRlIjoxODAwMDAwMDAwMDAwLCJkZWxldGUiOjE4MDAwMDAwMDAwMDAsInJlYWQiOjMwMDAwMDAwMDAwMCwidXBkYXRlIjoxODAwMDAwMDAwMDAwfX0=",
          "dependencies": [
            "azurerm_resource_group.main",
            "azurerm_traffic_manager_profile.gx-atm"
          ]
        }
      ]
    },
    {
      "mode": "managed",
      "type": "azurerm_traffic_manager_endpoint",
      "name": "ep2",
      "provider": "provider.azurerm",
      "instances": [
        {
          "schema_version": 0,
          "attributes": {
            "custom_header": [],
            "endpoint_location": "",
            "endpoint_monitor_status": "CheckingEndpoint",
            "endpoint_status": "Enabled",
            "geo_mappings": [],
            "id": "/subscriptions/ae3cae0d-6699-4593-bb04-de13fdc54b89/resourceGroups/gx-terraform-poc/providers/Microsoft.Network/trafficManagerProfiles/gx-poc/externalEndpoints/gx-poc-ep2",
            "min_child_endpoints": 0,
            "name": "gx-poc-ep2",
            "priority": 1,
            "profile_name": "gx-poc",
            "resource_group_name": "gx-terraform-poc",
            "subnet": [],
            "target": "mk2.eastus.cloudapp.azure.com",
            "target_resource_id": "",
            "timeouts": null,
            "type": "externalEndpoints",
            "weight": 200
          },
          "private": "eyJlMmJmYjczMC1lY2FhLTExZTYtOGY4OC0zNDM2M2JjN2M0YzAiOnsiY3JlYXRlIjoxODAwMDAwMDAwMDAwLCJkZWxldGUiOjE4MDAwMDAwMDAwMDAsInJlYWQiOjMwMDAwMDAwMDAwMCwidXBkYXRlIjoxODAwMDAwMDAwMDAwfX0=",
          "dependencies": [
            "azurerm_resource_group.main",
            "azurerm_traffic_manager_profile.gx-atm"
          ]
        }
      ]
    },
    {
      "mode": "managed",
      "type": "azurerm_traffic_manager_profile",
      "name": "gx-atm",
      "provider": "provider.azurerm",
      "instances": [
        {
          "schema_version": 0,
          "attributes": {
            "dns_config": [
              {
                "relative_name": "0823b9ac729fe54f",
                "ttl": 100
              }
            ],
            "fqdn": "0823b9ac729fe54f.trafficmanager.net",
            "id": "/subscriptions/ae3cae0d-6699-4593-bb04-de13fdc54b89/resourceGroups/gx-terraform-poc/providers/Microsoft.Network/trafficManagerProfiles/gx-poc",
            "monitor_config": [
              {
                "expected_status_code_ranges": [],
                "interval_in_seconds": 30,
                "path": "/",
                "port": 80,
                "protocol": "HTTP",
                "timeout_in_seconds": 9,
                "tolerated_number_of_failures": 3
              }
            ],
            "name": "gx-poc",
            "profile_status": "Enabled",
            "resource_group_name": "gx-terraform-poc",
            "tags": {
              "environment": "POC"
            },
            "timeouts": null,
            "traffic_routing_method": "Weighted"
          },
          "private": "eyJlMmJmYjczMC1lY2FhLTExZTYtOGY4OC0zNDM2M2JjN2M0YzAiOnsiY3JlYXRlIjoxODAwMDAwMDAwMDAwLCJkZWxldGUiOjE4MDAwMDAwMDAwMDAsInJlYWQiOjMwMDAwMDAwMDAwMCwidXBkYXRlIjoxODAwMDAwMDAwMDAwfX0=",
          "dependencies": [
            "azurerm_resource_group.main",
            "random_id.main"
          ]
        }
      ]
    },
    {
      "mode": "managed",
      "type": "random_id",
      "name": "main",
      "provider": "provider.random",
      "instances": [
        {
          "schema_version": 0,
          "attributes": {
            "b64": "CCO5rHKf5U8",
            "b64_std": "CCO5rHKf5U8=",
            "b64_url": "CCO5rHKf5U8",
            "byte_length": 8,
            "dec": "586516526796891471",
            "hex": "0823b9ac729fe54f",
            "id": "CCO5rHKf5U8",
            "keepers": {
              "azi_id": "1"
            },
            "prefix": null
          },
          "private": "bnVsbA=="
        }
      ]
    }
  ]
}
